
Microsoft Visual Studio Solution File, Format Version 12.00
# Visual Studio 15
VisualStudioVersion = 15.0.27004.2002
MinimumVisualStudioVersion = 10.0.40219.1
Project("{FAE04EC0-301F-11D3-BF4B-00C04F79EFBC}") = "GA_Action", "GA_Action\GA_Action.csproj", "{0DD2A1DB-F6B7-4911-A6FB-6792FDFD121A}"
EndProject
Global
	GlobalSection(SolutionConfigurationPlatforms) = preSolution
		Debug|Any CPU = Debug|Any CPU
		Release|Any CPU = Release|Any CPU
	EndGlobalSection
	GlobalSection(ProjectConfigurationPlatforms) = postSolution
		{0DD2A1DB-F6B7-4911-A6FB-6792FDFD121A}.Debug|Any CPU.ActiveCfg = Debug|Any CPU
		{0DD2A1DB-F6B7-4911-A6FB-6792FDFD121A}.Debug|Any CPU.Build.0 = Debug|Any CPU
		{0DD2A1DB-F6B7-4911-A6FB-6792FDFD121A}.Release|Any CPU.ActiveCfg = Release|Any CPU
		{0DD2A1DB-F6B7-4911-A6FB-6792FDFD121A}.Release|Any CPU.Build.0 = Release|Any CPU
	EndGlobalSection
	GlobalSection(SolutionProperties) = preSolution
		HideSolutionNode = FALSE
	EndGlobalSection
	GlobalSection(ExtensibilityGlobals) = postSolution
		SolutionGuid = {EEBF02DA-0B58-4123-AD4D-E1CB1A89A333}
	EndGlobalSection
EndGlobal
